// !$*UTF8*$!
{
	archiveVersion = 1;
	classes = {
	};
	objectVersion = 56;
	objects = {

/* Begin PBXBuildFile section */
		03ABB1BF297509430065F1A4 /* AppDelegate.swift in Sources */ = {isa = PBXBuildFile; fileRef = 03ABB1BE297509430065F1A4 /* AppDelegate.swift */; };
		03ABB1C1297509430065F1A4 /* SceneDelegate.swift in Sources */ = {isa = PBXBuildFile; fileRef = 03ABB1C0297509430065F1A4 /* SceneDelegate.swift */; };
		03ABB1C4297509430065F1A4 /* LaunchScreen.storyboard in Resources */ = {isa = PBXBuildFile; fileRef = 03ABB1C2297509430065F1A4 /* LaunchScreen.storyboard */; };
		03ABB1C7297509430065F1A4 /* Main.storyboard in Resources */ = {isa = PBXBuildFile; fileRef = 03ABB1C5297509430065F1A4 /* Main.storyboard */; };
		03ABB1D0297509430065F1A4 /* AppDelegate.swift in Sources */ = {isa = PBXBuildFile; fileRef = 03ABB1CF297509430065F1A4 /* AppDelegate.swift */; };
		03ABB1D3297509430065F1A4 /* Main.storyboard in Resources */ = {isa = PBXBuildFile; fileRef = 03ABB1D1297509430065F1A4 /* Main.storyboard */; };
		03ABB1DB297509430065F1A4 /* Eight Dollars Extension.appex in Embed Foundation Extensions */ = {isa = PBXBuildFile; fileRef = 03ABB1DA297509430065F1A4 /* Eight Dollars Extension.appex */; settings = {ATTRIBUTES = (RemoveHeadersOnCopy, ); }; };
		03ABB1E5297509430065F1A4 /* Eight Dollars Extension.appex in Embed Foundation Extensions */ = {isa = PBXBuildFile; fileRef = 03ABB1E4297509430065F1A4 /* Eight Dollars Extension.appex */; settings = {ATTRIBUTES = (RemoveHeadersOnCopy, ); }; };
		03ABB1EB297509430065F1A4 /* Main.html in Resources */ = {isa = PBXBuildFile; fileRef = 03ABB1AE297509410065F1A4 /* Main.html */; };
		03ABB1EC297509430065F1A4 /* Main.html in Resources */ = {isa = PBXBuildFile; fileRef = 03ABB1AE297509410065F1A4 /* Main.html */; };
		03ABB1ED297509430065F1A4 /* Icon.png in Resources */ = {isa = PBXBuildFile; fileRef = 03ABB1B0297509410065F1A4 /* Icon.png */; };
		03ABB1EE297509430065F1A4 /* Icon.png in Resources */ = {isa = PBXBuildFile; fileRef = 03ABB1B0297509410065F1A4 /* Icon.png */; };
		03ABB1EF297509430065F1A4 /* Style.css in Resources */ = {isa = PBXBuildFile; fileRef = 03ABB1B1297509410065F1A4 /* Style.css */; };
		03ABB1F0297509430065F1A4 /* Style.css in Resources */ = {isa = PBXBuildFile; fileRef = 03ABB1B1297509410065F1A4 /* Style.css */; };
		03ABB1F1297509430065F1A4 /* Script.js in Resources */ = {isa = PBXBuildFile; fileRef = 03ABB1B2297509410065F1A4 /* Script.js */; };
		03ABB1F2297509430065F1A4 /* Script.js in Resources */ = {isa = PBXBuildFile; fileRef = 03ABB1B2297509410065F1A4 /* Script.js */; };
		03ABB1F3297509430065F1A4 /* ViewController.swift in Sources */ = {isa = PBXBuildFile; fileRef = 03ABB1B3297509410065F1A4 /* ViewController.swift */; };
		03ABB1F4297509430065F1A4 /* ViewController.swift in Sources */ = {isa = PBXBuildFile; fileRef = 03ABB1B3297509410065F1A4 /* ViewController.swift */; };
		03ABB1F5297509430065F1A4 /* Assets.xcassets in Resources */ = {isa = PBXBuildFile; fileRef = 03ABB1B4297509430065F1A4 /* Assets.xcassets */; };
		03ABB1F6297509430065F1A4 /* Assets.xcassets in Resources */ = {isa = PBXBuildFile; fileRef = 03ABB1B4297509430065F1A4 /* Assets.xcassets */; };
		03ABB1F7297509430065F1A4 /* SafariWebExtensionHandler.swift in Sources */ = {isa = PBXBuildFile; fileRef = 03ABB1B6297509430065F1A4 /* SafariWebExtensionHandler.swift */; };
		03ABB1F8297509430065F1A4 /* SafariWebExtensionHandler.swift in Sources */ = {isa = PBXBuildFile; fileRef = 03ABB1B6297509430065F1A4 /* SafariWebExtensionHandler.swift */; };
		03ABB215297509440065F1A4 /* options in Resources */ = {isa = PBXBuildFile; fileRef = 03ABB20A297509440065F1A4 /* options */; };
		03ABB216297509440065F1A4 /* LICENSE in Resources */ = {isa = PBXBuildFile; fileRef = 03ABB20B297509440065F1A4 /* LICENSE */; };
		03ABB217297509440065F1A4 /* manifest.v2.json in Resources */ = {isa = PBXBuildFile; fileRef = 03ABB20C297509440065F1A4 /* manifest.v2.json */; };
		03ABB218297509440065F1A4 /* eight-dollars-main.xpi in Resources */ = {isa = PBXBuildFile; fileRef = 03ABB20D297509440065F1A4 /* eight-dollars-main.xpi */; };
		03ABB219297509440065F1A4 /* README.md in Resources */ = {isa = PBXBuildFile; fileRef = 03ABB20E297509440065F1A4 /* README.md */; };
		03ABB21A297509440065F1A4 /* script.js in Resources */ = {isa = PBXBuildFile; fileRef = 03ABB20F297509440065F1A4 /* script.js */; };
		03ABB21B297509440065F1A4 /* manifest.json in Resources */ = {isa = PBXBuildFile; fileRef = 03ABB210297509440065F1A4 /* manifest.json */; };
		03ABB21C297509440065F1A4 /* content.js in Resources */ = {isa = PBXBuildFile; fileRef = 03ABB211297509440065F1A4 /* content.js */; };
		03ABB21E297509440065F1A4 /* assets in Resources */ = {isa = PBXBuildFile; fileRef = 03ABB213297509440065F1A4 /* assets */; };
		03ABB21F297509440065F1A4 /* search.js in Resources */ = {isa = PBXBuildFile; fileRef = 03ABB214297509440065F1A4 /* search.js */; };
		03ABB220297509440065F1A4 /* options in Resources */ = {isa = PBXBuildFile; fileRef = 03ABB20A297509440065F1A4 /* options */; };
		03ABB221297509440065F1A4 /* LICENSE in Resources */ = {isa = PBXBuildFile; fileRef = 03ABB20B297509440065F1A4 /* LICENSE */; };
		03ABB222297509440065F1A4 /* manifest.v2.json in Resources */ = {isa = PBXBuildFile; fileRef = 03ABB20C297509440065F1A4 /* manifest.v2.json */; };
		03ABB223297509440065F1A4 /* eight-dollars-main.xpi in Resources */ = {isa = PBXBuildFile; fileRef = 03ABB20D297509440065F1A4 /* eight-dollars-main.xpi */; };
		03ABB224297509440065F1A4 /* README.md in Resources */ = {isa = PBXBuildFile; fileRef = 03ABB20E297509440065F1A4 /* README.md */; };
		03ABB225297509440065F1A4 /* script.js in Resources */ = {isa = PBXBuildFile; fileRef = 03ABB20F297509440065F1A4 /* script.js */; };
		03ABB226297509440065F1A4 /* manifest.json in Resources */ = {isa = PBXBuildFile; fileRef = 03ABB210297509440065F1A4 /* manifest.json */; };
		03ABB227297509440065F1A4 /* content.js in Resources */ = {isa = PBXBuildFile; fileRef = 03ABB211297509440065F1A4 /* content.js */; };
		03ABB229297509440065F1A4 /* assets in Resources */ = {isa = PBXBuildFile; fileRef = 03ABB213297509440065F1A4 /* assets */; };
		03ABB22A297509440065F1A4 /* search.js in Resources */ = {isa = PBXBuildFile; fileRef = 03ABB214297509440065F1A4 /* search.js */; };
/* End PBXBuildFile section */

/* Begin PBXContainerItemProxy section */
		03ABB1DC297509430065F1A4 /* PBXContainerItemProxy */ = {
			isa = PBXContainerItemProxy;
			containerPortal = 03ABB1A8297509410065F1A4 /* Project object */;
			proxyType = 1;
			remoteGlobalIDString = 03ABB1D9297509430065F1A4;
			remoteInfo = "Eight Dollars Extension (iOS)";
		};
		03ABB1E6297509430065F1A4 /* PBXContainerItemProxy */ = {
			isa = PBXContainerItemProxy;
			containerPortal = 03ABB1A8297509410065F1A4 /* Project object */;
			proxyType = 1;
			remoteGlobalIDString = 03ABB1E3297509430065F1A4;
			remoteInfo = "Eight Dollars Extension (macOS)";
		};
/* End PBXContainerItemProxy section */

/* Begin PBXCopyFilesBuildPhase section */
		03ABB1FE297509430065F1A4 /* Embed Foundation Extensions */ = {
			isa = PBXCopyFilesBuildPhase;
			buildActionMask = 2147483647;
			dstPath = "";
			dstSubfolderSpec = 13;
			files = (
				03ABB1DB297509430065F1A4 /* Eight Dollars Extension.appex in Embed Foundation Extensions */,
			);
			name = "Embed Foundation Extensions";
			runOnlyForDeploymentPostprocessing = 0;
		};
		03ABB205297509430065F1A4 /* Embed Foundation Extensions */ = {
			isa = PBXCopyFilesBuildPhase;
			buildActionMask = 2147483647;
			dstPath = "";
			dstSubfolderSpec = 13;
			files = (
				03ABB1E5297509430065F1A4 /* Eight Dollars Extension.appex in Embed Foundation Extensions */,
			);
			name = "Embed Foundation Extensions";
			runOnlyForDeploymentPostprocessing = 0;
		};
/* End PBXCopyFilesBuildPhase section */

/* Begin PBXFileReference section */
		03ABB1AF297509410065F1A4 /* Base */ = {isa = PBXFileReference; lastKnownFileType = text.html; name = Base; path = ../Base.lproj/Main.html; sourceTree = "<group>"; };
		03ABB1B0297509410065F1A4 /* Icon.png */ = {isa = PBXFileReference; lastKnownFileType = image.png; path = Icon.png; sourceTree = "<group>"; };
		03ABB1B1297509410065F1A4 /* Style.css */ = {isa = PBXFileReference; lastKnownFileType = text.css; path = Style.css; sourceTree = "<group>"; };
		03ABB1B2297509410065F1A4 /* Script.js */ = {isa = PBXFileReference; lastKnownFileType = sourcecode.javascript; path = Script.js; sourceTree = "<group>"; };
		03ABB1B3297509410065F1A4 /* ViewController.swift */ = {isa = PBXFileReference; lastKnownFileType = sourcecode.swift; path = ViewController.swift; sourceTree = "<group>"; };
		03ABB1B4297509430065F1A4 /* Assets.xcassets */ = {isa = PBXFileReference; lastKnownFileType = folder.assetcatalog; path = Assets.xcassets; sourceTree = "<group>"; };
		03ABB1B6297509430065F1A4 /* SafariWebExtensionHandler.swift */ = {isa = PBXFileReference; lastKnownFileType = sourcecode.swift; path = SafariWebExtensionHandler.swift; sourceTree = "<group>"; };
		03ABB1BB297509430065F1A4 /* Eight Dollars.app */ = {isa = PBXFileReference; explicitFileType = wrapper.application; includeInIndex = 0; path = "Eight Dollars.app"; sourceTree = BUILT_PRODUCTS_DIR; };
		03ABB1BE297509430065F1A4 /* AppDelegate.swift */ = {isa = PBXFileReference; lastKnownFileType = sourcecode.swift; path = AppDelegate.swift; sourceTree = "<group>"; };
		03ABB1C0297509430065F1A4 /* SceneDelegate.swift */ = {isa = PBXFileReference; lastKnownFileType = sourcecode.swift; path = SceneDelegate.swift; sourceTree = "<group>"; };
		03ABB1C3297509430065F1A4 /* Base */ = {isa = PBXFileReference; lastKnownFileType = file.storyboard; name = Base; path = Base.lproj/LaunchScreen.storyboard; sourceTree = "<group>"; };
		03ABB1C6297509430065F1A4 /* Base */ = {isa = PBXFileReference; lastKnownFileType = file.storyboard; name = Base; path = Base.lproj/Main.storyboard; sourceTree = "<group>"; };
		03ABB1C8297509430065F1A4 /* Info.plist */ = {isa = PBXFileReference; lastKnownFileType = text.plist.xml; path = Info.plist; sourceTree = "<group>"; };
		03ABB1CD297509430065F1A4 /* Eight Dollars.app */ = {isa = PBXFileReference; explicitFileType = wrapper.application; includeInIndex = 0; path = "Eight Dollars.app"; sourceTree = BUILT_PRODUCTS_DIR; };
		03ABB1CF297509430065F1A4 /* AppDelegate.swift */ = {isa = PBXFileReference; lastKnownFileType = sourcecode.swift; path = AppDelegate.swift; sourceTree = "<group>"; };
		03ABB1D2297509430065F1A4 /* Base */ = {isa = PBXFileReference; lastKnownFileType = file.storyboard; name = Base; path = Base.lproj/Main.storyboard; sourceTree = "<group>"; };
		03ABB1D4297509430065F1A4 /* Info.plist */ = {isa = PBXFileReference; lastKnownFileType = text.plist.xml; path = Info.plist; sourceTree = "<group>"; };
		03ABB1D5297509430065F1A4 /* Eight Dollars.entitlements */ = {isa = PBXFileReference; lastKnownFileType = text.plist.entitlements; path = "Eight Dollars.entitlements"; sourceTree = "<group>"; };
		03ABB1DA297509430065F1A4 /* Eight Dollars Extension.appex */ = {isa = PBXFileReference; explicitFileType = "wrapper.app-extension"; includeInIndex = 0; path = "Eight Dollars Extension.appex"; sourceTree = BUILT_PRODUCTS_DIR; };
		03ABB1DF297509430065F1A4 /* Info.plist */ = {isa = PBXFileReference; lastKnownFileType = text.plist.xml; path = Info.plist; sourceTree = "<group>"; };
		03ABB1E4297509430065F1A4 /* Eight Dollars Extension.appex */ = {isa = PBXFileReference; explicitFileType = "wrapper.app-extension"; includeInIndex = 0; path = "Eight Dollars Extension.appex"; sourceTree = BUILT_PRODUCTS_DIR; };
		03ABB1E9297509430065F1A4 /* Info.plist */ = {isa = PBXFileReference; lastKnownFileType = text.plist.xml; path = Info.plist; sourceTree = "<group>"; };
		03ABB1EA297509430065F1A4 /* Eight Dollars.entitlements */ = {isa = PBXFileReference; lastKnownFileType = text.plist.entitlements; path = "Eight Dollars.entitlements"; sourceTree = "<group>"; };
		03ABB20A297509440065F1A4 /* options */ = {isa = PBXFileReference; lastKnownFileType = folder; name = options; path = ../../options; sourceTree = "<group>"; };
		03ABB20B297509440065F1A4 /* LICENSE */ = {isa = PBXFileReference; lastKnownFileType = text; name = LICENSE; path = ../../LICENSE; sourceTree = "<group>"; };
		03ABB20C297509440065F1A4 /* manifest.v2.json */ = {isa = PBXFileReference; lastKnownFileType = text.json; name = manifest.v2.json; path = ../../manifest.v2.json; sourceTree = "<group>"; };
		03ABB20D297509440065F1A4 /* eight-dollars-main.xpi */ = {isa = PBXFileReference; lastKnownFileType = file; name = "eight-dollars-main.xpi"; path = "../../eight-dollars-main.xpi"; sourceTree = "<group>"; };
		03ABB20E297509440065F1A4 /* README.md */ = {isa = PBXFileReference; lastKnownFileType = net.daringfireball.markdown; name = README.md; path = ../../README.md; sourceTree = "<group>"; };
		03ABB20F297509440065F1A4 /* script.js */ = {isa = PBXFileReference; lastKnownFileType = sourcecode.javascript; name = script.js; path = ../../script.js; sourceTree = "<group>"; };
		03ABB210297509440065F1A4 /* manifest.json */ = {isa = PBXFileReference; lastKnownFileType = text.json; name = manifest.json; path = ../../manifest.json; sourceTree = "<group>"; };
		03ABB211297509440065F1A4 /* content.js */ = {isa = PBXFileReference; lastKnownFileType = sourcecode.javascript; name = content.js; path = ../../content.js; sourceTree = "<group>"; };
		03ABB213297509440065F1A4 /* assets */ = {isa = PBXFileReference; lastKnownFileType = folder; name = assets; path = ../../assets; sourceTree = "<group>"; };
		03ABB214297509440065F1A4 /* search.js */ = {isa = PBXFileReference; lastKnownFileType = sourcecode.javascript; name = search.js; path = ../../search.js; sourceTree = "<group>"; };
/* End PBXFileReference section */

/* Begin PBXFrameworksBuildPhase section */
		03ABB1B8297509430065F1A4 /* Frameworks */ = {
			isa = PBXFrameworksBuildPhase;
			buildActionMask = 2147483647;
			files = (
			);
			runOnlyForDeploymentPostprocessing = 0;
		};
		03ABB1CA297509430065F1A4 /* Frameworks */ = {
			isa = PBXFrameworksBuildPhase;
			buildActionMask = 2147483647;
			files = (
			);
			runOnlyForDeploymentPostprocessing = 0;
		};
		03ABB1D7297509430065F1A4 /* Frameworks */ = {
			isa = PBXFrameworksBuildPhase;
			buildActionMask = 2147483647;
			files = (
			);
			runOnlyForDeploymentPostprocessing = 0;
		};
		03ABB1E1297509430065F1A4 /* Frameworks */ = {
			isa = PBXFrameworksBuildPhase;
			buildActionMask = 2147483647;
			files = (
			);
			runOnlyForDeploymentPostprocessing = 0;
		};
/* End PBXFrameworksBuildPhase section */

/* Begin PBXGroup section */
		03ABB1A7297509410065F1A4 = {
			isa = PBXGroup;
			children = (
				03ABB1AC297509410065F1A4 /* Shared (App) */,
				03ABB1B5297509430065F1A4 /* Shared (Extension) */,
				03ABB1BD297509430065F1A4 /* iOS (App) */,
				03ABB1CE297509430065F1A4 /* macOS (App) */,
				03ABB1DE297509430065F1A4 /* iOS (Extension) */,
				03ABB1E8297509430065F1A4 /* macOS (Extension) */,
				03ABB1BC297509430065F1A4 /* Products */,
			);
			sourceTree = "<group>";
		};
		03ABB1AC297509410065F1A4 /* Shared (App) */ = {
			isa = PBXGroup;
			children = (
				03ABB1B3297509410065F1A4 /* ViewController.swift */,
				03ABB1B4297509430065F1A4 /* Assets.xcassets */,
				03ABB1AD297509410065F1A4 /* Resources */,
			);
			path = "Shared (App)";
			sourceTree = "<group>";
		};
		03ABB1AD297509410065F1A4 /* Resources */ = {
			isa = PBXGroup;
			children = (
				03ABB1AE297509410065F1A4 /* Main.html */,
				03ABB1B0297509410065F1A4 /* Icon.png */,
				03ABB1B1297509410065F1A4 /* Style.css */,
				03ABB1B2297509410065F1A4 /* Script.js */,
			);
			path = Resources;
			sourceTree = "<group>";
		};
		03ABB1B5297509430065F1A4 /* Shared (Extension) */ = {
			isa = PBXGroup;
			children = (
				03ABB209297509440065F1A4 /* Resources */,
				03ABB1B6297509430065F1A4 /* SafariWebExtensionHandler.swift */,
			);
			path = "Shared (Extension)";
			sourceTree = "<group>";
		};
		03ABB1BC297509430065F1A4 /* Products */ = {
			isa = PBXGroup;
			children = (
				03ABB1BB297509430065F1A4 /* Eight Dollars.app */,
				03ABB1CD297509430065F1A4 /* Eight Dollars.app */,
				03ABB1DA297509430065F1A4 /* Eight Dollars Extension.appex */,
				03ABB1E4297509430065F1A4 /* Eight Dollars Extension.appex */,
			);
			name = Products;
			sourceTree = "<group>";
		};
		03ABB1BD297509430065F1A4 /* iOS (App) */ = {
			isa = PBXGroup;
			children = (
				03ABB1BE297509430065F1A4 /* AppDelegate.swift */,
				03ABB1C0297509430065F1A4 /* SceneDelegate.swift */,
				03ABB1C2297509430065F1A4 /* LaunchScreen.storyboard */,
				03ABB1C5297509430065F1A4 /* Main.storyboard */,
				03ABB1C8297509430065F1A4 /* Info.plist */,
			);
			path = "iOS (App)";
			sourceTree = "<group>";
		};
		03ABB1CE297509430065F1A4 /* macOS (App) */ = {
			isa = PBXGroup;
			children = (
				03ABB1CF297509430065F1A4 /* AppDelegate.swift */,
				03ABB1D1297509430065F1A4 /* Main.storyboard */,
				03ABB1D4297509430065F1A4 /* Info.plist */,
				03ABB1D5297509430065F1A4 /* Eight Dollars.entitlements */,
			);
			path = "macOS (App)";
			sourceTree = "<group>";
		};
		03ABB1DE297509430065F1A4 /* iOS (Extension) */ = {
			isa = PBXGroup;
			children = (
				03ABB1DF297509430065F1A4 /* Info.plist */,
			);
			path = "iOS (Extension)";
			sourceTree = "<group>";
		};
		03ABB1E8297509430065F1A4 /* macOS (Extension) */ = {
			isa = PBXGroup;
			children = (
				03ABB1E9297509430065F1A4 /* Info.plist */,
				03ABB1EA297509430065F1A4 /* Eight Dollars.entitlements */,
			);
			path = "macOS (Extension)";
			sourceTree = "<group>";
		};
		03ABB209297509440065F1A4 /* Resources */ = {
			isa = PBXGroup;
			children = (
				03ABB20A297509440065F1A4 /* options */,
				03ABB20B297509440065F1A4 /* LICENSE */,
				03ABB20C297509440065F1A4 /* manifest.v2.json */,
				03ABB20D297509440065F1A4 /* eight-dollars-main.xpi */,
				03ABB20E297509440065F1A4 /* README.md */,
				03ABB20F297509440065F1A4 /* script.js */,
				03ABB210297509440065F1A4 /* manifest.json */,
				03ABB211297509440065F1A4 /* content.js */,
				03ABB213297509440065F1A4 /* assets */,
				03ABB214297509440065F1A4 /* search.js */,
			);
			name = Resources;
			path = "Shared (Extension)";
			sourceTree = SOURCE_ROOT;
		};
/* End PBXGroup section */

/* Begin PBXNativeTarget section */
		03ABB1BA297509430065F1A4 /* Eight Dollars (iOS) */ = {
			isa = PBXNativeTarget;
			buildConfigurationList = 03ABB1FF297509430065F1A4 /* Build configuration list for PBXNativeTarget "Eight Dollars (iOS)" */;
			buildPhases = (
				03ABB1B7297509430065F1A4 /* Sources */,
				03ABB1B8297509430065F1A4 /* Frameworks */,
				03ABB1B9297509430065F1A4 /* Resources */,
				03ABB1FE297509430065F1A4 /* Embed Foundation Extensions */,
			);
			buildRules = (
			);
			dependencies = (
				03ABB1DD297509430065F1A4 /* PBXTargetDependency */,
			);
			name = "Eight Dollars (iOS)";
			productName = "Eight Dollars (iOS)";
			productReference = 03ABB1BB297509430065F1A4 /* Eight Dollars.app */;
			productType = "com.apple.product-type.application";
		};
		03ABB1CC297509430065F1A4 /* Eight Dollars (macOS) */ = {
			isa = PBXNativeTarget;
			buildConfigurationList = 03ABB206297509430065F1A4 /* Build configuration list for PBXNativeTarget "Eight Dollars (macOS)" */;
			buildPhases = (
				03ABB1C9297509430065F1A4 /* Sources */,
				03ABB1CA297509430065F1A4 /* Frameworks */,
				03ABB1CB297509430065F1A4 /* Resources */,
				03ABB205297509430065F1A4 /* Embed Foundation Extensions */,
			);
			buildRules = (
			);
			dependencies = (
				03ABB1E7297509430065F1A4 /* PBXTargetDependency */,
			);
			name = "Eight Dollars (macOS)";
			productName = "Eight Dollars (macOS)";
			productReference = 03ABB1CD297509430065F1A4 /* Eight Dollars.app */;
			productType = "com.apple.product-type.application";
		};
		03ABB1D9297509430065F1A4 /* Eight Dollars Extension (iOS) */ = {
			isa = PBXNativeTarget;
			buildConfigurationList = 03ABB1FB297509430065F1A4 /* Build configuration list for PBXNativeTarget "Eight Dollars Extension (iOS)" */;
			buildPhases = (
				03ABB1D6297509430065F1A4 /* Sources */,
				03ABB1D7297509430065F1A4 /* Frameworks */,
				03ABB1D8297509430065F1A4 /* Resources */,
			);
			buildRules = (
			);
			dependencies = (
			);
			name = "Eight Dollars Extension (iOS)";
			productName = "Eight Dollars Extension (iOS)";
			productReference = 03ABB1DA297509430065F1A4 /* Eight Dollars Extension.appex */;
			productType = "com.apple.product-type.app-extension";
		};
		03ABB1E3297509430065F1A4 /* Eight Dollars Extension (macOS) */ = {
			isa = PBXNativeTarget;
			buildConfigurationList = 03ABB202297509430065F1A4 /* Build configuration list for PBXNativeTarget "Eight Dollars Extension (macOS)" */;
			buildPhases = (
				03ABB1E0297509430065F1A4 /* Sources */,
				03ABB1E1297509430065F1A4 /* Frameworks */,
				03ABB1E2297509430065F1A4 /* Resources */,
			);
			buildRules = (
			);
			dependencies = (
			);
			name = "Eight Dollars Extension (macOS)";
			productName = "Eight Dollars Extension (macOS)";
			productReference = 03ABB1E4297509430065F1A4 /* Eight Dollars Extension.appex */;
			productType = "com.apple.product-type.app-extension";
		};
/* End PBXNativeTarget section */

/* Begin PBXProject section */
		03ABB1A8297509410065F1A4 /* Project object */ = {
			isa = PBXProject;
			attributes = {
				BuildIndependentTargetsInParallel = 1;
				LastSwiftUpdateCheck = 1420;
				LastUpgradeCheck = 1420;
				TargetAttributes = {
					03ABB1BA297509430065F1A4 = {
						CreatedOnToolsVersion = 14.2;
					};
					03ABB1CC297509430065F1A4 = {
						CreatedOnToolsVersion = 14.2;
					};
					03ABB1D9297509430065F1A4 = {
						CreatedOnToolsVersion = 14.2;
					};
					03ABB1E3297509430065F1A4 = {
						CreatedOnToolsVersion = 14.2;
					};
				};
			};
			buildConfigurationList = 03ABB1AB297509410065F1A4 /* Build configuration list for PBXProject "Eight Dollars" */;
			compatibilityVersion = "Xcode 14.0";
			developmentRegion = en;
			hasScannedForEncodings = 0;
			knownRegions = (
				en,
				Base,
			);
			mainGroup = 03ABB1A7297509410065F1A4;
			productRefGroup = 03ABB1BC297509430065F1A4 /* Products */;
			projectDirPath = "";
			projectRoot = "";
			targets = (
				03ABB1BA297509430065F1A4 /* Eight Dollars (iOS) */,
				03ABB1CC297509430065F1A4 /* Eight Dollars (macOS) */,
				03ABB1D9297509430065F1A4 /* Eight Dollars Extension (iOS) */,
				03ABB1E3297509430065F1A4 /* Eight Dollars Extension (macOS) */,
			);
		};
/* End PBXProject section */

/* Begin PBXResourcesBuildPhase section */
		03ABB1B9297509430065F1A4 /* Resources */ = {
			isa = PBXResourcesBuildPhase;
			buildActionMask = 2147483647;
			files = (
				03ABB1ED297509430065F1A4 /* Icon.png in Resources */,
				03ABB1C4297509430065F1A4 /* LaunchScreen.storyboard in Resources */,
				03ABB1EB297509430065F1A4 /* Main.html in Resources */,
				03ABB1F1297509430065F1A4 /* Script.js in Resources */,
				03ABB1F5297509430065F1A4 /* Assets.xcassets in Resources */,
				03ABB1C7297509430065F1A4 /* Main.storyboard in Resources */,
				03ABB1EF297509430065F1A4 /* Style.css in Resources */,
			);
			runOnlyForDeploymentPostprocessing = 0;
		};
		03ABB1CB297509430065F1A4 /* Resources */ = {
			isa = PBXResourcesBuildPhase;
			buildActionMask = 2147483647;
			files = (
				03ABB1EE297509430065F1A4 /* Icon.png in Resources */,
				03ABB1F0297509430065F1A4 /* Style.css in Resources */,
				03ABB1D3297509430065F1A4 /* Main.storyboard in Resources */,
				03ABB1F2297509430065F1A4 /* Script.js in Resources */,
				03ABB1F6297509430065F1A4 /* Assets.xcassets in Resources */,
				03ABB1EC297509430065F1A4 /* Main.html in Resources */,
			);
			runOnlyForDeploymentPostprocessing = 0;
		};
		03ABB1D8297509430065F1A4 /* Resources */ = {
			isa = PBXResourcesBuildPhase;
			buildActionMask = 2147483647;
			files = (
				03ABB227297509440065F1A4 /* content.js in Resources */,
				03ABB222297509440065F1A4 /* manifest.v2.json in Resources */,
				03ABB226297509440065F1A4 /* manifest.json in Resources */,
				03ABB225297509440065F1A4 /* script.js in Resources */,
				03ABB22A297509440065F1A4 /* search.js in Resources */,
				03ABB221297509440065F1A4 /* LICENSE in Resources */,
				03ABB229297509440065F1A4 /* assets in Resources */,
				03ABB224297509440065F1A4 /* README.md in Resources */,
				03ABB223297509440065F1A4 /* eight-dollars-main.xpi in Resources */,
				03ABB220297509440065F1A4 /* options in Resources */,
			);
			runOnlyForDeploymentPostprocessing = 0;
		};
		03ABB1E2297509430065F1A4 /* Resources */ = {
			isa = PBXResourcesBuildPhase;
			buildActionMask = 2147483647;
			files = (
				03ABB21C297509440065F1A4 /* content.js in Resources */,
				03ABB217297509440065F1A4 /* manifest.v2.json in Resources */,
				03ABB21B297509440065F1A4 /* manifest.json in Resources */,
				03ABB21A297509440065F1A4 /* script.js in Resources */,
				03ABB21F297509440065F1A4 /* search.js in Resources */,
				03ABB216297509440065F1A4 /* LICENSE in Resources */,
				03ABB21E297509440065F1A4 /* assets in Resources */,
				03ABB219297509440065F1A4 /* README.md in Resources */,
				03ABB218297509440065F1A4 /* eight-dollars-main.xpi in Resources */,
				03ABB215297509440065F1A4 /* options in Resources */,
			);
			runOnlyForDeploymentPostprocessing = 0;
		};
/* End PBXResourcesBuildPhase section */

/* Begin PBXSourcesBuildPhase section */
		03ABB1B7297509430065F1A4 /* Sources */ = {
			isa = PBXSourcesBuildPhase;
			buildActionMask = 2147483647;
			files = (
				03ABB1F3297509430065F1A4 /* ViewController.swift in Sources */,
				03ABB1BF297509430065F1A4 /* AppDelegate.swift in Sources */,
				03ABB1C1297509430065F1A4 /* SceneDelegate.swift in Sources */,
			);
			runOnlyForDeploymentPostprocessing = 0;
		};
		03ABB1C9297509430065F1A4 /* Sources */ = {
			isa = PBXSourcesBuildPhase;
			buildActionMask = 2147483647;
			files = (
				03ABB1F4297509430065F1A4 /* ViewController.swift in Sources */,
				03ABB1D0297509430065F1A4 /* AppDelegate.swift in Sources */,
			);
			runOnlyForDeploymentPostprocessing = 0;
		};
		03ABB1D6297509430065F1A4 /* Sources */ = {
			isa = PBXSourcesBuildPhase;
			buildActionMask = 2147483647;
			files = (
				03ABB1F7297509430065F1A4 /* SafariWebExtensionHandler.swift in Sources */,
			);
			runOnlyForDeploymentPostprocessing = 0;
		};
		03ABB1E0297509430065F1A4 /* Sources */ = {
			isa = PBXSourcesBuildPhase;
			buildActionMask = 2147483647;
			files = (
				03ABB1F8297509430065F1A4 /* SafariWebExtensionHandler.swift in Sources */,
			);
			runOnlyForDeploymentPostprocessing = 0;
		};
/* End PBXSourcesBuildPhase section */

/* Begin PBXTargetDependency section */
		03ABB1DD297509430065F1A4 /* PBXTargetDependency */ = {
			isa = PBXTargetDependency;
			target = 03ABB1D9297509430065F1A4 /* Eight Dollars Extension (iOS) */;
			targetProxy = 03ABB1DC297509430065F1A4 /* PBXContainerItemProxy */;
		};
		03ABB1E7297509430065F1A4 /* PBXTargetDependency */ = {
			isa = PBXTargetDependency;
			target = 03ABB1E3297509430065F1A4 /* Eight Dollars Extension (macOS) */;
			targetProxy = 03ABB1E6297509430065F1A4 /* PBXContainerItemProxy */;
		};
/* End PBXTargetDependency section */

/* Begin PBXVariantGroup section */
		03ABB1AE297509410065F1A4 /* Main.html */ = {
			isa = PBXVariantGroup;
			children = (
				03ABB1AF297509410065F1A4 /* Base */,
			);
			name = Main.html;
			sourceTree = "<group>";
		};
		03ABB1C2297509430065F1A4 /* LaunchScreen.storyboard */ = {
			isa = PBXVariantGroup;
			children = (
				03ABB1C3297509430065F1A4 /* Base */,
			);
			name = LaunchScreen.storyboard;
			sourceTree = "<group>";
		};
		03ABB1C5297509430065F1A4 /* Main.storyboard */ = {
			isa = PBXVariantGroup;
			children = (
				03ABB1C6297509430065F1A4 /* Base */,
			);
			name = Main.storyboard;
			sourceTree = "<group>";
		};
		03ABB1D1297509430065F1A4 /* Main.storyboard */ = {
			isa = PBXVariantGroup;
			children = (
				03ABB1D2297509430065F1A4 /* Base */,
			);
			name = Main.storyboard;
			sourceTree = "<group>";
		};
/* End PBXVariantGroup section */

/* Begin XCBuildConfiguration section */
		03ABB1F9297509430065F1A4 /* Debug */ = {
			isa = XCBuildConfiguration;
			buildSettings = {
				ALWAYS_SEARCH_USER_PATHS = NO;
				CLANG_ANALYZER_NONNULL = YES;
				CLANG_ANALYZER_NUMBER_OBJECT_CONVERSION = YES_AGGRESSIVE;
				CLANG_CXX_LANGUAGE_STANDARD = "gnu++20";
				CLANG_ENABLE_MODULES = YES;
				CLANG_ENABLE_OBJC_ARC = YES;
				CLANG_ENABLE_OBJC_WEAK = YES;
				CLANG_WARN_BLOCK_CAPTURE_AUTORELEASING = YES;
				CLANG_WARN_BOOL_CONVERSION = YES;
				CLANG_WARN_COMMA = YES;
				CLANG_WARN_CONSTANT_CONVERSION = YES;
				CLANG_WARN_DEPRECATED_OBJC_IMPLEMENTATIONS = YES;
				CLANG_WARN_DIRECT_OBJC_ISA_USAGE = YES_ERROR;
				CLANG_WARN_DOCUMENTATION_COMMENTS = YES;
				CLANG_WARN_EMPTY_BODY = YES;
				CLANG_WARN_ENUM_CONVERSION = YES;
				CLANG_WARN_INFINITE_RECURSION = YES;
				CLANG_WARN_INT_CONVERSION = YES;
				CLANG_WARN_NON_LITERAL_NULL_CONVERSION = YES;
				CLANG_WARN_OBJC_IMPLICIT_RETAIN_SELF = YES;
				CLANG_WARN_OBJC_LITERAL_CONVERSION = YES;
				CLANG_WARN_OBJC_ROOT_CLASS = YES_ERROR;
				CLANG_WARN_QUOTED_INCLUDE_IN_FRAMEWORK_HEADER = YES;
				CLANG_WARN_RANGE_LOOP_ANALYSIS = YES;
				CLANG_WARN_STRICT_PROTOTYPES = YES;
				CLANG_WARN_SUSPICIOUS_MOVE = YES;
				CLANG_WARN_UNGUARDED_AVAILABILITY = YES_AGGRESSIVE;
				CLANG_WARN_UNREACHABLE_CODE = YES;
				CLANG_WARN__DUPLICATE_METHOD_MATCH = YES;
				COPY_PHASE_STRIP = NO;
				DEBUG_INFORMATION_FORMAT = dwarf;
				ENABLE_STRICT_OBJC_MSGSEND = YES;
				ENABLE_TESTABILITY = YES;
				GCC_C_LANGUAGE_STANDARD = gnu11;
				GCC_DYNAMIC_NO_PIC = NO;
				GCC_NO_COMMON_BLOCKS = YES;
				GCC_OPTIMIZATION_LEVEL = 0;
				GCC_PREPROCESSOR_DEFINITIONS = (
					"DEBUG=1",
					"$(inherited)",
				);
				GCC_WARN_64_TO_32_BIT_CONVERSION = YES;
				GCC_WARN_ABOUT_RETURN_TYPE = YES_ERROR;
				GCC_WARN_UNDECLARED_SELECTOR = YES;
				GCC_WARN_UNINITIALIZED_AUTOS = YES_AGGRESSIVE;
				GCC_WARN_UNUSED_FUNCTION = YES;
				GCC_WARN_UNUSED_VARIABLE = YES;
				MTL_ENABLE_DEBUG_INFO = INCLUDE_SOURCE;
				MTL_FAST_MATH = YES;
				ONLY_ACTIVE_ARCH = YES;
				SWIFT_ACTIVE_COMPILATION_CONDITIONS = DEBUG;
				SWIFT_OPTIMIZATION_LEVEL = "-Onone";
			};
			name = Debug;
		};
		03ABB1FA297509430065F1A4 /* Release */ = {
			isa = XCBuildConfiguration;
			buildSettings = {
				ALWAYS_SEARCH_USER_PATHS = NO;
				CLANG_ANALYZER_NONNULL = YES;
				CLANG_ANALYZER_NUMBER_OBJECT_CONVERSION = YES_AGGRESSIVE;
				CLANG_CXX_LANGUAGE_STANDARD = "gnu++20";
				CLANG_ENABLE_MODULES = YES;
				CLANG_ENABLE_OBJC_ARC = YES;
				CLANG_ENABLE_OBJC_WEAK = YES;
				CLANG_WARN_BLOCK_CAPTURE_AUTORELEASING = YES;
				CLANG_WARN_BOOL_CONVERSION = YES;
				CLANG_WARN_COMMA = YES;
				CLANG_WARN_CONSTANT_CONVERSION = YES;
				CLANG_WARN_DEPRECATED_OBJC_IMPLEMENTATIONS = YES;
				CLANG_WARN_DIRECT_OBJC_ISA_USAGE = YES_ERROR;
				CLANG_WARN_DOCUMENTATION_COMMENTS = YES;
				CLANG_WARN_EMPTY_BODY = YES;
				CLANG_WARN_ENUM_CONVERSION = YES;
				CLANG_WARN_INFINITE_RECURSION = YES;
				CLANG_WARN_INT_CONVERSION = YES;
				CLANG_WARN_NON_LITERAL_NULL_CONVERSION = YES;
				CLANG_WARN_OBJC_IMPLICIT_RETAIN_SELF = YES;
				CLANG_WARN_OBJC_LITERAL_CONVERSION = YES;
				CLANG_WARN_OBJC_ROOT_CLASS = YES_ERROR;
				CLANG_WARN_QUOTED_INCLUDE_IN_FRAMEWORK_HEADER = YES;
				CLANG_WARN_RANGE_LOOP_ANALYSIS = YES;
				CLANG_WARN_STRICT_PROTOTYPES = YES;
				CLANG_WARN_SUSPICIOUS_MOVE = YES;
				CLANG_WARN_UNGUARDED_AVAILABILITY = YES_AGGRESSIVE;
				CLANG_WARN_UNREACHABLE_CODE = YES;
				CLANG_WARN__DUPLICATE_METHOD_MATCH = YES;
				COPY_PHASE_STRIP = NO;
				DEBUG_INFORMATION_FORMAT = "dwarf-with-dsym";
				ENABLE_NS_ASSERTIONS = NO;
				ENABLE_STRICT_OBJC_MSGSEND = YES;
				GCC_C_LANGUAGE_STANDARD = gnu11;
				GCC_NO_COMMON_BLOCKS = YES;
				GCC_WARN_64_TO_32_BIT_CONVERSION = YES;
				GCC_WARN_ABOUT_RETURN_TYPE = YES_ERROR;
				GCC_WARN_UNDECLARED_SELECTOR = YES;
				GCC_WARN_UNINITIALIZED_AUTOS = YES_AGGRESSIVE;
				GCC_WARN_UNUSED_FUNCTION = YES;
				GCC_WARN_UNUSED_VARIABLE = YES;
				MTL_ENABLE_DEBUG_INFO = NO;
				MTL_FAST_MATH = YES;
				SWIFT_COMPILATION_MODE = wholemodule;
				SWIFT_OPTIMIZATION_LEVEL = "-O";
			};
			name = Release;
		};
		03ABB1FC297509430065F1A4 /* Debug */ = {
			isa = XCBuildConfiguration;
			buildSettings = {
				CODE_SIGN_STYLE = Automatic;
				CURRENT_PROJECT_VERSION = 1;
				DEVELOPMENT_TEAM = A72ZC8AJ5X;
				GENERATE_INFOPLIST_FILE = YES;
				INFOPLIST_FILE = "iOS (Extension)/Info.plist";
				INFOPLIST_KEY_CFBundleDisplayName = "Eight Dollars Extension";
				INFOPLIST_KEY_NSHumanReadableCopyright = "";
				IPHONEOS_DEPLOYMENT_TARGET = 15.0;
				LD_RUNPATH_SEARCH_PATHS = (
					"$(inherited)",
					"@executable_path/Frameworks",
					"@executable_path/../../Frameworks",
				);
				MARKETING_VERSION = 1.0;
				OTHER_LDFLAGS = (
					"-framework",
					SafariServices,
				);
				PRODUCT_BUNDLE_IDENTIFIER = "com.jawshoeadan.Eight-Dollars.Extension";
				PRODUCT_NAME = "Eight Dollars Extension";
				SDKROOT = iphoneos;
				SKIP_INSTALL = YES;
				SWIFT_EMIT_LOC_STRINGS = YES;
				SWIFT_VERSION = 5.0;
				TARGETED_DEVICE_FAMILY = "1,2";
			};
			name = Debug;
		};
		03ABB1FD297509430065F1A4 /* Release */ = {
			isa = XCBuildConfiguration;
			buildSettings = {
				CODE_SIGN_STYLE = Automatic;
				CURRENT_PROJECT_VERSION = 1;
				DEVELOPMENT_TEAM = A72ZC8AJ5X;
				GENERATE_INFOPLIST_FILE = YES;
				INFOPLIST_FILE = "iOS (Extension)/Info.plist";
				INFOPLIST_KEY_CFBundleDisplayName = "Eight Dollars Extension";
				INFOPLIST_KEY_NSHumanReadableCopyright = "";
				IPHONEOS_DEPLOYMENT_TARGET = 15.0;
				LD_RUNPATH_SEARCH_PATHS = (
					"$(inherited)",
					"@executable_path/Frameworks",
					"@executable_path/../../Frameworks",
				);
				MARKETING_VERSION = 1.0;
				OTHER_LDFLAGS = (
					"-framework",
					SafariServices,
				);
				PRODUCT_BUNDLE_IDENTIFIER = "com.jawshoeadan.Eight-Dollars.Extension";
				PRODUCT_NAME = "Eight Dollars Extension";
				SDKROOT = iphoneos;
				SKIP_INSTALL = YES;
				SWIFT_EMIT_LOC_STRINGS = YES;
				SWIFT_VERSION = 5.0;
				TARGETED_DEVICE_FAMILY = "1,2";
				VALIDATE_PRODUCT = YES;
			};
			name = Release;
		};
		03ABB200297509430065F1A4 /* Debug */ = {
			isa = XCBuildConfiguration;
			buildSettings = {
				ALWAYS_EMBED_SWIFT_STANDARD_LIBRARIES = YES;
				ASSETCATALOG_COMPILER_APPICON_NAME = AppIcon;
				ASSETCATALOG_COMPILER_GLOBAL_ACCENT_COLOR_NAME = AccentColor;
				CODE_SIGN_STYLE = Automatic;
				CURRENT_PROJECT_VERSION = 1;
				DEVELOPMENT_TEAM = A72ZC8AJ5X;
				GENERATE_INFOPLIST_FILE = YES;
				INFOPLIST_FILE = "iOS (App)/Info.plist";
				INFOPLIST_KEY_CFBundleDisplayName = "Eight Dollars";
				INFOPLIST_KEY_UIApplicationSupportsIndirectInputEvents = YES;
				INFOPLIST_KEY_UILaunchStoryboardName = LaunchScreen;
				INFOPLIST_KEY_UIMainStoryboardFile = Main;
				INFOPLIST_KEY_UISupportedInterfaceOrientations = "UIInterfaceOrientationPortrait UIInterfaceOrientationLandscapeLeft UIInterfaceOrientationLandscapeRight";
				INFOPLIST_KEY_UISupportedInterfaceOrientations_iPad = "UIInterfaceOrientationPortrait UIInterfaceOrientationPortraitUpsideDown UIInterfaceOrientationLandscapeLeft UIInterfaceOrientationLandscapeRight";
				IPHONEOS_DEPLOYMENT_TARGET = 15.0;
				LD_RUNPATH_SEARCH_PATHS = (
					"$(inherited)",
					"@executable_path/Frameworks",
				);
				MARKETING_VERSION = 1.0;
				OTHER_LDFLAGS = (
					"-framework",
					SafariServices,
					"-framework",
					WebKit,
				);
				PRODUCT_BUNDLE_IDENTIFIER = "com.jawshoeadan.Eight-Dollars";
				PRODUCT_NAME = "Eight Dollars";
				SDKROOT = iphoneos;
				SWIFT_EMIT_LOC_STRINGS = YES;
				SWIFT_VERSION = 5.0;
				TARGETED_DEVICE_FAMILY = "1,2";
			};
			name = Debug;
		};
		03ABB201297509430065F1A4 /* Release */ = {
			isa = XCBuildConfiguration;
			buildSettings = {
				ALWAYS_EMBED_SWIFT_STANDARD_LIBRARIES = YES;
				ASSETCATALOG_COMPILER_APPICON_NAME = AppIcon;
				ASSETCATALOG_COMPILER_GLOBAL_ACCENT_COLOR_NAME = AccentColor;
				CODE_SIGN_STYLE = Automatic;
				CURRENT_PROJECT_VERSION = 1;
				DEVELOPMENT_TEAM = A72ZC8AJ5X;
				GENERATE_INFOPLIST_FILE = YES;
				INFOPLIST_FILE = "iOS (App)/Info.plist";
				INFOPLIST_KEY_CFBundleDisplayName = "Eight Dollars";
				INFOPLIST_KEY_UIApplicationSupportsIndirectInputEvents = YES;
				INFOPLIST_KEY_UILaunchStoryboardName = LaunchScreen;
				INFOPLIST_KEY_UIMainStoryboardFile = Main;
				INFOPLIST_KEY_UISupportedInterfaceOrientations = "UIInterfaceOrientationPortrait UIInterfaceOrientationLandscapeLeft UIInterfaceOrientationLandscapeRight";
				INFOPLIST_KEY_UISupportedInterfaceOrientations_iPad = "UIInterfaceOrientationPortrait UIInterfaceOrientationPortraitUpsideDown UIInterfaceOrientationLandscapeLeft UIInterfaceOrientationLandscapeRight";
				IPHONEOS_DEPLOYMENT_TARGET = 15.0;
				LD_RUNPATH_SEARCH_PATHS = (
					"$(inherited)",
					"@executable_path/Frameworks",
				);
				MARKETING_VERSION = 1.0;
				OTHER_LDFLAGS = (
					"-framework",
					SafariServices,
					"-framework",
					WebKit,
				);
				PRODUCT_BUNDLE_IDENTIFIER = "com.jawshoeadan.Eight-Dollars";
				PRODUCT_NAME = "Eight Dollars";
				SDKROOT = iphoneos;
				SWIFT_EMIT_LOC_STRINGS = YES;
				SWIFT_VERSION = 5.0;
				TARGETED_DEVICE_FAMILY = "1,2";
				VALIDATE_PRODUCT = YES;
			};
			name = Release;
		};
		03ABB203297509430065F1A4 /* Debug */ = {
			isa = XCBuildConfiguration;
			buildSettings = {
				CODE_SIGN_ENTITLEMENTS = "macOS (Extension)/Eight Dollars.entitlements";
				CODE_SIGN_STYLE = Automatic;
				CURRENT_PROJECT_VERSION = 1;
				DEVELOPMENT_TEAM = A72ZC8AJ5X;
				ENABLE_HARDENED_RUNTIME = YES;
				GENERATE_INFOPLIST_FILE = YES;
				INFOPLIST_FILE = "macOS (Extension)/Info.plist";
				INFOPLIST_KEY_CFBundleDisplayName = "Eight Dollars Extension";
				INFOPLIST_KEY_NSHumanReadableCopyright = "";
				LD_RUNPATH_SEARCH_PATHS = (
					"$(inherited)",
					"@executable_path/../Frameworks",
					"@executable_path/../../../../Frameworks",
				);
				MACOSX_DEPLOYMENT_TARGET = 10.14;
				MARKETING_VERSION = 1.0;
				OTHER_LDFLAGS = (
					"-framework",
					SafariServices,
				);
				PRODUCT_BUNDLE_IDENTIFIER = "com.jawshoeadan.Eight-Dollars.Extension";
				PRODUCT_NAME = "Eight Dollars Extension";
				SDKROOT = macosx;
				SKIP_INSTALL = YES;
				SWIFT_EMIT_LOC_STRINGS = YES;
				SWIFT_VERSION = 5.0;
			};
			name = Debug;
		};
		03ABB204297509430065F1A4 /* Release */ = {
			isa = XCBuildConfiguration;
			buildSettings = {
				CODE_SIGN_ENTITLEMENTS = "macOS (Extension)/Eight Dollars.entitlements";
				CODE_SIGN_STYLE = Automatic;
				CURRENT_PROJECT_VERSION = 1;
				DEVELOPMENT_TEAM = A72ZC8AJ5X;
				ENABLE_HARDENED_RUNTIME = YES;
				GENERATE_INFOPLIST_FILE = YES;
				INFOPLIST_FILE = "macOS (Extension)/Info.plist";
				INFOPLIST_KEY_CFBundleDisplayName = "Eight Dollars Extension";
				INFOPLIST_KEY_NSHumanReadableCopyright = "";
				LD_RUNPATH_SEARCH_PATHS = (
					"$(inherited)",
					"@executable_path/../Frameworks",
					"@executable_path/../../../../Frameworks",
				);
				MACOSX_DEPLOYMENT_TARGET = 10.14;
				MARKETING_VERSION = 1.0;
				OTHER_LDFLAGS = (
					"-framework",
					SafariServices,
				);
				PRODUCT_BUNDLE_IDENTIFIER = "com.jawshoeadan.Eight-Dollars.Extension";
				PRODUCT_NAME = "Eight Dollars Extension";
				SDKROOT = macosx;
				SKIP_INSTALL = YES;
				SWIFT_EMIT_LOC_STRINGS = YES;
				SWIFT_VERSION = 5.0;
			};
			name = Release;
		};
		03ABB207297509430065F1A4 /* Debug */ = {
			isa = XCBuildConfiguration;
			buildSettings = {
				ALWAYS_EMBED_SWIFT_STANDARD_LIBRARIES = YES;
				ASSETCATALOG_COMPILER_APPICON_NAME = AppIcon;
				ASSETCATALOG_COMPILER_GLOBAL_ACCENT_COLOR_NAME = AccentColor;
				CODE_SIGN_ENTITLEMENTS = "macOS (App)/Eight Dollars.entitlements";
				CODE_SIGN_STYLE = Automatic;
				CURRENT_PROJECT_VERSION = 1;
				DEVELOPMENT_TEAM = A72ZC8AJ5X;
				ENABLE_HARDENED_RUNTIME = YES;
				GENERATE_INFOPLIST_FILE = YES;
				INFOPLIST_FILE = "macOS (App)/Info.plist";
				INFOPLIST_KEY_CFBundleDisplayName = "Eight Dollars";
				INFOPLIST_KEY_NSMainStoryboardFile = Main;
				INFOPLIST_KEY_NSPrincipalClass = NSApplication;
				LD_RUNPATH_SEARCH_PATHS = (
					"$(inherited)",
					"@executable_path/../Frameworks",
				);
				MACOSX_DEPLOYMENT_TARGET = 10.14;
				MARKETING_VERSION = 1.0;
				OTHER_LDFLAGS = (
					"-framework",
					SafariServices,
					"-framework",
					WebKit,
				);
				PRODUCT_BUNDLE_IDENTIFIER = "com.jawshoeadan.Eight-Dollars";
				PRODUCT_NAME = "Eight Dollars";
				SDKROOT = macosx;
				SWIFT_EMIT_LOC_STRINGS = YES;
				SWIFT_VERSION = 5.0;
			};
			name = Debug;
		};
		03ABB208297509430065F1A4 /* Release */ = {
			isa = XCBuildConfiguration;
			buildSettings = {
				ALWAYS_EMBED_SWIFT_STANDARD_LIBRARIES = YES;
				ASSETCATALOG_COMPILER_APPICON_NAME = AppIcon;
				ASSETCATALOG_COMPILER_GLOBAL_ACCENT_COLOR_NAME = AccentColor;
				CODE_SIGN_ENTITLEMENTS = "macOS (App)/Eight Dollars.entitlements";
				CODE_SIGN_STYLE = Automatic;
				CURRENT_PROJECT_VERSION = 1;
				DEVELOPMENT_TEAM = A72ZC8AJ5X;
				ENABLE_HARDENED_RUNTIME = YES;
				GENERATE_INFOPLIST_FILE = YES;
				INFOPLIST_FILE = "macOS (App)/Info.plist";
				INFOPLIST_KEY_CFBundleDisplayName = "Eight Dollars";
				INFOPLIST_KEY_NSMainStoryboardFile = Main;
				INFOPLIST_KEY_NSPrincipalClass = NSApplication;
				LD_RUNPATH_SEARCH_PATHS = (
					"$(inherited)",
					"@executable_path/../Frameworks",
				);
				MACOSX_DEPLOYMENT_TARGET = 10.14;
				MARKETING_VERSION = 1.0;
				OTHER_LDFLAGS = (
					"-framework",
					SafariServices,
					"-framework",
					WebKit,
				);
				PRODUCT_BUNDLE_IDENTIFIER = "com.jawshoeadan.Eight-Dollars";
				PRODUCT_NAME = "Eight Dollars";
				SDKROOT = macosx;
				SWIFT_EMIT_LOC_STRINGS = YES;
				SWIFT_VERSION = 5.0;
			};
			name = Release;
		};
/* End XCBuildConfiguration section */

/* Begin XCConfigurationList section */
		03ABB1AB297509410065F1A4 /* Build configuration list for PBXProject "Eight Dollars" */ = {
			isa = XCConfigurationList;
			buildConfigurations = (
				03ABB1F9297509430065F1A4 /* Debug */,
				03ABB1FA297509430065F1A4 /* Release */,
			);
			defaultConfigurationIsVisible = 0;
			defaultConfigurationName = Release;
		};
		03ABB1FB297509430065F1A4 /* Build configuration list for PBXNativeTarget "Eight Dollars Extension (iOS)" */ = {
			isa = XCConfigurationList;
			buildConfigurations = (
				03ABB1FC297509430065F1A4 /* Debug */,
				03ABB1FD297509430065F1A4 /* Release */,
			);
			defaultConfigurationIsVisible = 0;
			defaultConfigurationName = Release;
		};
		03ABB1FF297509430065F1A4 /* Build configuration list for PBXNativeTarget "Eight Dollars (iOS)" */ = {
			isa = XCConfigurationList;
			buildConfigurations = (
				03ABB200297509430065F1A4 /* Debug */,
				03ABB201297509430065F1A4 /* Release */,
			);
			defaultConfigurationIsVisible = 0;
			defaultConfigurationName = Release;
		};
		03ABB202297509430065F1A4 /* Build configuration list for PBXNativeTarget "Eight Dollars Extension (macOS)" */ = {
			isa = XCConfigurationList;
			buildConfigurations = (
				03ABB203297509430065F1A4 /* Debug */,
				03ABB204297509430065F1A4 /* Release */,
			);
			defaultConfigurationIsVisible = 0;
			defaultConfigurationName = Release;
		};
		03ABB206297509430065F1A4 /* Build configuration list for PBXNativeTarget "Eight Dollars (macOS)" */ = {
			isa = XCConfigurationList;
			buildConfigurations = (
				03ABB207297509430065F1A4 /* Debug */,
				03ABB208297509430065F1A4 /* Release */,
			);
			defaultConfigurationIsVisible = 0;
			defaultConfigurationName = Release;
		};
/* End XCConfigurationList section */
	};
	rootObject = 03ABB1A8297509410065F1A4 /* Project object */;
}
